
Microsoft Visual Studio Solution File, Format Version 12.00
# Visual Studio 14
VisualStudioVersion = 14.0.25123.0
MinimumVisualStudioVersion = 10.0.40219.1
Project("{FAE04EC0-301F-11D3-BF4B-00C04F79EFBC}") = "QuickServiceWebApp", "QuickServiceWebApp\QuickServiceWebApp.csproj", "{449B76E8-0003-4982-AAB4-9ED425D092DF}"
EndProject
Project("{FAE04EC0-301F-11D3-BF4B-00C04F79EFBC}") = "QuickServiceDAL", "QuickServiceDAL\QuickServiceDAL.csproj", "{00316945-52F3-4478-92B2-91807825EA7C}"
EndProject
Project("{FAE04EC0-301F-11D3-BF4B-00C04F79EFBC}") = "QuickServiceConsoleTestApp", "QuickServiceConsoleTestApp\QuickServiceConsoleTestApp.csproj", "{A0BCDC5B-BF26-43AB-98E3-AE1D5520C6E7}"
EndProject
Project("{FAE04EC0-301F-11D3-BF4B-00C04F79EFBC}") = "QuickServiceWebAPI", "QuickServiceWebAPI\QuickServiceWebAPI.csproj", "{F3AA6BAB-EA8F-4EB9-8112-3835CB1ED21D}"
EndProject
Global
	GlobalSection(SolutionConfigurationPlatforms) = preSolution
		Debug|Any CPU = Debug|Any CPU
		Release|Any CPU = Release|Any CPU
	EndGlobalSection
	GlobalSection(ProjectConfigurationPlatforms) = postSolution
		{449B76E8-0003-4982-AAB4-9ED425D092DF}.Debug|Any CPU.ActiveCfg = Debug|Any CPU
		{449B76E8-0003-4982-AAB4-9ED425D092DF}.Debug|Any CPU.Build.0 = Debug|Any CPU
		{449B76E8-0003-4982-AAB4-9ED425D092DF}.Release|Any CPU.ActiveCfg = Release|Any CPU
		{449B76E8-0003-4982-AAB4-9ED425D092DF}.Release|Any CPU.Build.0 = Release|Any CPU
		{00316945-52F3-4478-92B2-91807825EA7C}.Debug|Any CPU.ActiveCfg = Debug|Any CPU
		{00316945-52F3-4478-92B2-91807825EA7C}.Debug|Any CPU.Build.0 = Debug|Any CPU
		{00316945-52F3-4478-92B2-91807825EA7C}.Release|Any CPU.ActiveCfg = Release|Any CPU
		{00316945-52F3-4478-92B2-91807825EA7C}.Release|Any CPU.Build.0 = Release|Any CPU
		{A0BCDC5B-BF26-43AB-98E3-AE1D5520C6E7}.Debug|Any CPU.ActiveCfg = Debug|Any CPU
		{A0BCDC5B-BF26-43AB-98E3-AE1D5520C6E7}.Debug|Any CPU.Build.0 = Debug|Any CPU
		{A0BCDC5B-BF26-43AB-98E3-AE1D5520C6E7}.Release|Any CPU.ActiveCfg = Release|Any CPU
		{A0BCDC5B-BF26-43AB-98E3-AE1D5520C6E7}.Release|Any CPU.Build.0 = Release|Any CPU
		{F3AA6BAB-EA8F-4EB9-8112-3835CB1ED21D}.Debug|Any CPU.ActiveCfg = Debug|Any CPU
		{F3AA6BAB-EA8F-4EB9-8112-3835CB1ED21D}.Debug|Any CPU.Build.0 = Debug|Any CPU
		{F3AA6BAB-EA8F-4EB9-8112-3835CB1ED21D}.Release|Any CPU.ActiveCfg = Release|Any CPU
		{F3AA6BAB-EA8F-4EB9-8112-3835CB1ED21D}.Release|Any CPU.Build.0 = Release|Any CPU
	EndGlobalSection
	GlobalSection(SolutionProperties) = preSolution
		HideSolutionNode = FALSE
	EndGlobalSection
EndGlobal
